
Microsoft Visual Studio Solution File, Format Version 12.00
# Visual Studio Version 16
VisualStudioVersion = 16.0.32126.315
MinimumVisualStudioVersion = 10.0.40219.1
Project("{FAE04EC0-301F-11D3-BF4B-00C04F79EFBC}") = "WebAPI", "WebAPI\WebAPI.csproj", "{257FC6FF-558F-41E6-B128-02A90F449F4B}"
EndProject
Project("{FAE04EC0-301F-11D3-BF4B-00C04F79EFBC}") = "Data", "Data\Data.csproj", "{92485A05-4847-431E-AD96-D462E84B8A46}"
EndProject
Project("{FAE04EC0-301F-11D3-BF4B-00C04F79EFBC}") = "Application", "Application\Application.csproj", "{6781CE8D-3585-4903-801B-7D246212844E}"
EndProject
Project("{FAE04EC0-301F-11D3-BF4B-00C04F79EFBC}") = "ViewModel", "ViewModel\ViewModel.csproj", "{94245077-0C8D-436E-A88E-2412EA93FE0F}"
EndProject
Project("{FAE04EC0-301F-11D3-BF4B-00C04F79EFBC}") = "Utility", "Utility\Utility.csproj", "{1F82D7DE-751B-4BA1-A2CA-7A5B46C1C424}"
EndProject
Global
	GlobalSection(SolutionConfigurationPlatforms) = preSolution
		Debug|Any CPU = Debug|Any CPU
		Release|Any CPU = Release|Any CPU
	EndGlobalSection
	GlobalSection(ProjectConfigurationPlatforms) = postSolution
		{257FC6FF-558F-41E6-B128-02A90F449F4B}.Debug|Any CPU.ActiveCfg = Debug|Any CPU
		{257FC6FF-558F-41E6-B128-02A90F449F4B}.Debug|Any CPU.Build.0 = Debug|Any CPU
		{257FC6FF-558F-41E6-B128-02A90F449F4B}.Release|Any CPU.ActiveCfg = Release|Any CPU
		{257FC6FF-558F-41E6-B128-02A90F449F4B}.Release|Any CPU.Build.0 = Release|Any CPU
		{92485A05-4847-431E-AD96-D462E84B8A46}.Debug|Any CPU.ActiveCfg = Debug|Any CPU
		{92485A05-4847-431E-AD96-D462E84B8A46}.Debug|Any CPU.Build.0 = Debug|Any CPU
		{92485A05-4847-431E-AD96-D462E84B8A46}.Release|Any CPU.ActiveCfg = Release|Any CPU
		{92485A05-4847-431E-AD96-D462E84B8A46}.Release|Any CPU.Build.0 = Release|Any CPU
		{6781CE8D-3585-4903-801B-7D246212844E}.Debug|Any CPU.ActiveCfg = Debug|Any CPU
		{6781CE8D-3585-4903-801B-7D246212844E}.Debug|Any CPU.Build.0 = Debug|Any CPU
		{6781CE8D-3585-4903-801B-7D246212844E}.Release|Any CPU.ActiveCfg = Release|Any CPU
		{6781CE8D-3585-4903-801B-7D246212844E}.Release|Any CPU.Build.0 = Release|Any CPU
		{94245077-0C8D-436E-A88E-2412EA93FE0F}.Debug|Any CPU.ActiveCfg = Debug|Any CPU
		{94245077-0C8D-436E-A88E-2412EA93FE0F}.Debug|Any CPU.Build.0 = Debug|Any CPU
		{94245077-0C8D-436E-A88E-2412EA93FE0F}.Release|Any CPU.ActiveCfg = Release|Any CPU
		{94245077-0C8D-436E-A88E-2412EA93FE0F}.Release|Any CPU.Build.0 = Release|Any CPU
		{1F82D7DE-751B-4BA1-A2CA-7A5B46C1C424}.Debug|Any CPU.ActiveCfg = Debug|Any CPU
		{1F82D7DE-751B-4BA1-A2CA-7A5B46C1C424}.Debug|Any CPU.Build.0 = Debug|Any CPU
		{1F82D7DE-751B-4BA1-A2CA-7A5B46C1C424}.Release|Any CPU.ActiveCfg = Release|Any CPU
		{1F82D7DE-751B-4BA1-A2CA-7A5B46C1C424}.Release|Any CPU.Build.0 = Release|Any CPU
	EndGlobalSection
	GlobalSection(SolutionProperties) = preSolution
		HideSolutionNode = FALSE
	EndGlobalSection
	GlobalSection(ExtensibilityGlobals) = postSolution
		SolutionGuid = {D134E868-0255-4C0B-B423-1D657E1FC1BA}
	EndGlobalSection
EndGlobal
